<?xml version="1.0" encoding="UTF-8" standalone="yes" ?>
<CodeBlocks_project_file>
	<FileVersion major="1" minor="6" />
	<Project>
		<Option title="Yosei" />
		<Option pch_mode="2" />
		<Option compiler="gcc" />
		<Build>
			<Target title="Debug">
				<Option output="bin/Debug/Yosei" prefix_auto="1" extension_auto="1" />
				<Option object_output="obj/Debug/" />
				<Option type="1" />
				<Option compiler="gcc" />
				<Compiler>
					<Add option="-std=c++11" />
					<Add option="-g" />
				</Compiler>
			</Target>
			<Target title="Release">
				<Option output="bin/Release/Yosei" prefix_auto="1" extension_auto="1" />
				<Option object_output="obj/Release/" />
				<Option type="1" />
				<Option compiler="gcc" />
				<Compiler>
					<Add option="-O2" />
					<Add option="-std=c++11" />
				</Compiler>
				<Linker>
					<Add option="-s" />
				</Linker>
			</Target>
		</Build>
		<Compiler>
			<Add option="-std=c++11" />
			<Add option="-Wall" />
			<Add option="-fexceptions" />
			<Add directory="src" />
			<Add directory="include" />
		</Compiler>
		<Unit filename="include/game/component.h" />
		<Unit filename="include/game/identifiable.h" />
		<Unit filename="include/helpers/containerhelper.h" />
		<Unit filename="include/helpers/observer.h" />
		<Unit filename="include/world/coordinates.h" />
		<Unit filename="include/world/map.h" />
		<Unit filename="include/world/tile_tileobject.h" />
		<Unit filename="include/world/tileobjects/rock.h" />
		<Unit filename="include/world/tiles/grass.h" />
		<Unit filename="include/world/tiles/lava.h" />
		<Unit filename="include/world/world.h" />
		<Unit filename="include/yosei/determination/action.h" />
		<Unit filename="include/yosei/determination/opinion.h" />
		<Unit filename="include/yosei/perception/perception.h" />
		<Unit filename="include/yosei/perception/visiontile.h" />
		<Unit filename="include/yosei/psyche/mentalstate.h" />
		<Unit filename="include/yosei/psyche/personality.h" />
		<Unit filename="include/yosei/will/motoraction.h" />
		<Unit filename="include/yosei/will/will.h" />
		<Unit filename="include/yosei/yosei.h" />
		<Unit filename="main.cpp" />
		<Unit filename="src/game/component.cpp" />
		<Unit filename="src/game/identifiable.cpp" />
		<Unit filename="src/helpers/containerhelper.cpp" />
		<Unit filename="src/helpers/observer.cpp" />
		<Unit filename="src/world/coordinates.cpp" />
		<Unit filename="src/world/map.cpp" />
		<Unit filename="src/world/tile.cpp" />
		<Unit filename="src/world/tileobject.cpp" />
		<Unit filename="src/world/tileobjects/rock.cpp" />
		<Unit filename="src/world/tiles/grass.cpp" />
		<Unit filename="src/world/tiles/lava.cpp" />
		<Unit filename="src/world/world.cpp" />
		<Unit filename="src/yosei/determination/action.cpp" />
		<Unit filename="src/yosei/determination/opinion.cpp" />
		<Unit filename="src/yosei/perception/perception.cpp" />
		<Unit filename="src/yosei/perception/visiontile.cpp" />
		<Unit filename="src/yosei/psyche/mentalstate.cpp" />
		<Unit filename="src/yosei/psyche/personality.cpp" />
		<Unit filename="src/yosei/will/motoraction.cpp" />
		<Unit filename="src/yosei/will/will.cpp" />
		<Unit filename="src/yosei/yosei.cpp" />
		<Extensions>
			<code_completion />
			<debugger />
			<DoxyBlocks>
				<comment_style block="0" line="0" />
				<doxyfile_project />
				<doxyfile_build />
				<doxyfile_warnings />
				<doxyfile_output />
				<doxyfile_dot />
				<general />
			</DoxyBlocks>
			<envvars />
		</Extensions>
	</Project>
</CodeBlocks_project_file>
